
Microsoft Visual Studio Solution File, Format Version 12.00
# Visual Studio Version 17
VisualStudioVersion = 17.5.002.0
MinimumVisualStudioVersion = 10.0.40219.1
Project("{9A19103F-16F7-4668-BE54-9A1E7A4F7556}") = "CodeFirstTableRelations", "CodeFirstTableRelations.csproj", "{E885E549-FFE1-4809-B7C7-2BA79BC8E338}"
EndProject
Global
	GlobalSection(SolutionConfigurationPlatforms) = preSolution
		Debug|Any CPU = Debug|Any CPU
		Release|Any CPU = Release|Any CPU
	EndGlobalSection
	GlobalSection(ProjectConfigurationPlatforms) = postSolution
		{E885E549-FFE1-4809-B7C7-2BA79BC8E338}.Debug|Any CPU.ActiveCfg = Debug|Any CPU
		{E885E549-FFE1-4809-B7C7-2BA79BC8E338}.Debug|Any CPU.Build.0 = Debug|Any CPU
		{E885E549-FFE1-4809-B7C7-2BA79BC8E338}.Release|Any CPU.ActiveCfg = Release|Any CPU
		{E885E549-FFE1-4809-B7C7-2BA79BC8E338}.Release|Any CPU.Build.0 = Release|Any CPU
	EndGlobalSection
	GlobalSection(SolutionProperties) = preSolution
		HideSolutionNode = FALSE
	EndGlobalSection
	GlobalSection(ExtensibilityGlobals) = postSolution
		SolutionGuid = {DCA8A74C-0FC8-45FE-A799-E6E7765DC26D}
	EndGlobalSection
EndGlobal
